
Microsoft Visual Studio Solution File, Format Version 12.00
# Visual Studio Version 17
VisualStudioVersion = 17.5.002.0
MinimumVisualStudioVersion = 10.0.40219.1
Project("{2150E333-8FDC-42A3-9474-1A3956D46DE8}") = "csharp-prep", "csharp-prep", "{7B345DB1-9C2D-42E1-8ED3-4650603D61E4}"
EndProject
Project("{9A19103F-16F7-4668-BE54-9A1E7A4F7556}") = "Prep1", "csharp-prep\Prep1\Prep1.csproj", "{C18F6CBC-7526-4D75-9440-AC2DAB954775}"
EndProject
Project("{9A19103F-16F7-4668-BE54-9A1E7A4F7556}") = "Prep2", "csharp-prep\Prep2\Prep2.csproj", "{8A63B3F3-6AE1-4939-B709-D52AEF227076}"
EndProject
Project("{9A19103F-16F7-4668-BE54-9A1E7A4F7556}") = "Prep3", "csharp-prep\Prep3\Prep3.csproj", "{9E3F6C5B-04D6-4FEF-9F08-C654EDA74B9F}"
EndProject
Project("{9A19103F-16F7-4668-BE54-9A1E7A4F7556}") = "Prep4", "csharp-prep\Prep4\Prep4.csproj", "{6E6C025B-5178-480F-B920-031553422328}"
EndProject
Project("{9A19103F-16F7-4668-BE54-9A1E7A4F7556}") = "Prep5", "csharp-prep\Prep5\Prep5.csproj", "{E791C605-C957-4AFD-93A1-9710344B422F}"
EndProject
Project("{2150E333-8FDC-42A3-9474-1A3956D46DE8}") = "final", "final", "{7C4A7A33-0105-4FFE-9802-2B32930D94C1}"
EndProject
Project("{9A19103F-16F7-4668-BE54-9A1E7A4F7556}") = "FinalProject", "final\FinalProject\FinalProject.csproj", "{4F0BA933-5DC6-4BC7-95EE-A5164E70948B}"
EndProject
Project("{9A19103F-16F7-4668-BE54-9A1E7A4F7556}") = "Foundation1", "final\Foundation1\Foundation1.csproj", "{D3CA3024-DA9F-457E-8035-40E52404DEDB}"
EndProject
Project("{9A19103F-16F7-4668-BE54-9A1E7A4F7556}") = "Foundation2", "final\Foundation2\Foundation2.csproj", "{5243C006-F0F2-435D-91CC-803DCB9E10FC}"
EndProject
Project("{9A19103F-16F7-4668-BE54-9A1E7A4F7556}") = "Foundation3", "final\Foundation3\Foundation3.csproj", "{39F588C7-7F00-4CB6-B348-30AF3DA17288}"
EndProject
Project("{9A19103F-16F7-4668-BE54-9A1E7A4F7556}") = "Foundation4", "final\Foundation4\Foundation4.csproj", "{ECC4705C-E1B8-44F4-B34A-2146FE1D5E6D}"
EndProject
Project("{2150E333-8FDC-42A3-9474-1A3956D46DE8}") = "prepare", "prepare", "{FE9990F9-B1B1-43FB-BC99-9E1B32E94373}"
EndProject
Project("{9A19103F-16F7-4668-BE54-9A1E7A4F7556}") = "Learning02", "prepare\Learning02\Learning02.csproj", "{BC46BBAD-9445-4D6C-83A0-7283BD349D5A}"
EndProject
Project("{9A19103F-16F7-4668-BE54-9A1E7A4F7556}") = "Learning03", "prepare\Learning03\Learning03.csproj", "{7AE7903A-BB8D-49CD-BFDE-E96A82805A12}"
EndProject
Project("{9A19103F-16F7-4668-BE54-9A1E7A4F7556}") = "Learning04", "prepare\Learning04\Learning04.csproj", "{80DD3CA5-6216-4E63-A06E-6219C05DD1F7}"
EndProject
Project("{9A19103F-16F7-4668-BE54-9A1E7A4F7556}") = "Learning05", "prepare\Learning05\Learning05.csproj", "{CDDF258B-2AA6-45EE-AFC2-776A5D9FEDA2}"
EndProject
Project("{2150E333-8FDC-42A3-9474-1A3956D46DE8}") = "prove", "prove", "{F9CB8DC1-9A44-4265-8825-B835BDE7C33C}"
EndProject
Project("{9A19103F-16F7-4668-BE54-9A1E7A4F7556}") = "Develop02", "prove\Develop02\Develop02.csproj", "{890B4083-DC20-4A65-8B78-8EAC790C9810}"
EndProject
Project("{9A19103F-16F7-4668-BE54-9A1E7A4F7556}") = "Develop03", "prove\Develop03\Develop03.csproj", "{1F307F74-B54A-4043-9757-FAA237587B55}"
EndProject
Project("{9A19103F-16F7-4668-BE54-9A1E7A4F7556}") = "Develop04", "prove\Develop04\Develop04.csproj", "{B934097D-E36F-4D03-8CD1-4B97B5CB9E05}"
EndProject
Project("{9A19103F-16F7-4668-BE54-9A1E7A4F7556}") = "Develop05", "prove\Develop05\Develop05.csproj", "{F277C24D-1A5F-47C8-BC50-032221EC43F1}"
EndProject
Project("{2150E333-8FDC-42A3-9474-1A3956D46DE8}") = "sandbox", "sandbox", "{10CA6D32-1F98-4238-8B8E-7676B1EE24EC}"
EndProject
Project("{9A19103F-16F7-4668-BE54-9A1E7A4F7556}") = "Sandbox", "sandbox\Sandbox\Sandbox.csproj", "{DFAB50FB-9C36-4B69-AF8A-9B44C7C93756}"
EndProject
Global
	GlobalSection(SolutionConfigurationPlatforms) = preSolution
		Debug|Any CPU = Debug|Any CPU
		Release|Any CPU = Release|Any CPU
	EndGlobalSection
	GlobalSection(ProjectConfigurationPlatforms) = postSolution
		{C18F6CBC-7526-4D75-9440-AC2DAB954775}.Debug|Any CPU.ActiveCfg = Debug|Any CPU
		{C18F6CBC-7526-4D75-9440-AC2DAB954775}.Debug|Any CPU.Build.0 = Debug|Any CPU
		{C18F6CBC-7526-4D75-9440-AC2DAB954775}.Release|Any CPU.ActiveCfg = Release|Any CPU
		{C18F6CBC-7526-4D75-9440-AC2DAB954775}.Release|Any CPU.Build.0 = Release|Any CPU
		{8A63B3F3-6AE1-4939-B709-D52AEF227076}.Debug|Any CPU.ActiveCfg = Debug|Any CPU
		{8A63B3F3-6AE1-4939-B709-D52AEF227076}.Debug|Any CPU.Build.0 = Debug|Any CPU
		{8A63B3F3-6AE1-4939-B709-D52AEF227076}.Release|Any CPU.ActiveCfg = Release|Any CPU
		{8A63B3F3-6AE1-4939-B709-D52AEF227076}.Release|Any CPU.Build.0 = Release|Any CPU
		{9E3F6C5B-04D6-4FEF-9F08-C654EDA74B9F}.Debug|Any CPU.ActiveCfg = Debug|Any CPU
		{9E3F6C5B-04D6-4FEF-9F08-C654EDA74B9F}.Debug|Any CPU.Build.0 = Debug|Any CPU
		{9E3F6C5B-04D6-4FEF-9F08-C654EDA74B9F}.Release|Any CPU.ActiveCfg = Release|Any CPU
		{9E3F6C5B-04D6-4FEF-9F08-C654EDA74B9F}.Release|Any CPU.Build.0 = Release|Any CPU
		{6E6C025B-5178-480F-B920-031553422328}.Debug|Any CPU.ActiveCfg = Debug|Any CPU
		{6E6C025B-5178-480F-B920-031553422328}.Debug|Any CPU.Build.0 = Debug|Any CPU
		{6E6C025B-5178-480F-B920-031553422328}.Release|Any CPU.ActiveCfg = Release|Any CPU
		{6E6C025B-5178-480F-B920-031553422328}.Release|Any CPU.Build.0 = Release|Any CPU
		{E791C605-C957-4AFD-93A1-9710344B422F}.Debug|Any CPU.ActiveCfg = Debug|Any CPU
		{E791C605-C957-4AFD-93A1-9710344B422F}.Debug|Any CPU.Build.0 = Debug|Any CPU
		{E791C605-C957-4AFD-93A1-9710344B422F}.Release|Any CPU.ActiveCfg = Release|Any CPU
		{E791C605-C957-4AFD-93A1-9710344B422F}.Release|Any CPU.Build.0 = Release|Any CPU
		{4F0BA933-5DC6-4BC7-95EE-A5164E70948B}.Debug|Any CPU.ActiveCfg = Debug|Any CPU
		{4F0BA933-5DC6-4BC7-95EE-A5164E70948B}.Debug|Any CPU.Build.0 = Debug|Any CPU
		{4F0BA933-5DC6-4BC7-95EE-A5164E70948B}.Release|Any CPU.ActiveCfg = Release|Any CPU
		{4F0BA933-5DC6-4BC7-95EE-A5164E70948B}.Release|Any CPU.Build.0 = Release|Any CPU
		{D3CA3024-DA9F-457E-8035-40E52404DEDB}.Debug|Any CPU.ActiveCfg = Debug|Any CPU
		{D3CA3024-DA9F-457E-8035-40E52404DEDB}.Debug|Any CPU.Build.0 = Debug|Any CPU
		{D3CA3024-DA9F-457E-8035-40E52404DEDB}.Release|Any CPU.ActiveCfg = Release|Any CPU
		{D3CA3024-DA9F-457E-8035-40E52404DEDB}.Release|Any CPU.Build.0 = Release|Any CPU
		{5243C006-F0F2-435D-91CC-803DCB9E10FC}.Debug|Any CPU.ActiveCfg = Debug|Any CPU
		{5243C006-F0F2-435D-91CC-803DCB9E10FC}.Debug|Any CPU.Build.0 = Debug|Any CPU
		{5243C006-F0F2-435D-91CC-803DCB9E10FC}.Release|Any CPU.ActiveCfg = Release|Any CPU
		{5243C006-F0F2-435D-91CC-803DCB9E10FC}.Release|Any CPU.Build.0 = Release|Any CPU
		{39F588C7-7F00-4CB6-B348-30AF3DA17288}.Debug|Any CPU.ActiveCfg = Debug|Any CPU
		{39F588C7-7F00-4CB6-B348-30AF3DA17288}.Debug|Any CPU.Build.0 = Debug|Any CPU
		{39F588C7-7F00-4CB6-B348-30AF3DA17288}.Release|Any CPU.ActiveCfg = Release|Any CPU
		{39F588C7-7F00-4CB6-B348-30AF3DA17288}.Release|Any CPU.Build.0 = Release|Any CPU
		{ECC4705C-E1B8-44F4-B34A-2146FE1D5E6D}.Debug|Any CPU.ActiveCfg = Debug|Any CPU
		{ECC4705C-E1B8-44F4-B34A-2146FE1D5E6D}.Debug|Any CPU.Build.0 = Debug|Any CPU
		{ECC4705C-E1B8-44F4-B34A-2146FE1D5E6D}.Release|Any CPU.ActiveCfg = Release|Any CPU
		{ECC4705C-E1B8-44F4-B34A-2146FE1D5E6D}.Release|Any CPU.Build.0 = Release|Any CPU
		{BC46BBAD-9445-4D6C-83A0-7283BD349D5A}.Debug|Any CPU.ActiveCfg = Debug|Any CPU
		{BC46BBAD-9445-4D6C-83A0-7283BD349D5A}.Debug|Any CPU.Build.0 = Debug|Any CPU
		{BC46BBAD-9445-4D6C-83A0-7283BD349D5A}.Release|Any CPU.ActiveCfg = Release|Any CPU
		{BC46BBAD-9445-4D6C-83A0-7283BD349D5A}.Release|Any CPU.Build.0 = Release|Any CPU
		{7AE7903A-BB8D-49CD-BFDE-E96A82805A12}.Debug|Any CPU.ActiveCfg = Debug|Any CPU
		{7AE7903A-BB8D-49CD-BFDE-E96A82805A12}.Debug|Any CPU.Build.0 = Debug|Any CPU
		{7AE7903A-BB8D-49CD-BFDE-E96A82805A12}.Release|Any CPU.ActiveCfg = Release|Any CPU
		{7AE7903A-BB8D-49CD-BFDE-E96A82805A12}.Release|Any CPU.Build.0 = Release|Any CPU
		{80DD3CA5-6216-4E63-A06E-6219C05DD1F7}.Debug|Any CPU.ActiveCfg = Debug|Any CPU
		{80DD3CA5-6216-4E63-A06E-6219C05DD1F7}.Debug|Any CPU.Build.0 = Debug|Any CPU
		{80DD3CA5-6216-4E63-A06E-6219C05DD1F7}.Release|Any CPU.ActiveCfg = Release|Any CPU
		{80DD3CA5-6216-4E63-A06E-6219C05DD1F7}.Release|Any CPU.Build.0 = Release|Any CPU
		{CDDF258B-2AA6-45EE-AFC2-776A5D9FEDA2}.Debug|Any CPU.ActiveCfg = Debug|Any CPU
		{CDDF258B-2AA6-45EE-AFC2-776A5D9FEDA2}.Debug|Any CPU.Build.0 = Debug|Any CPU
		{CDDF258B-2AA6-45EE-AFC2-776A5D9FEDA2}.Release|Any CPU.ActiveCfg = Release|Any CPU
		{CDDF258B-2AA6-45EE-AFC2-776A5D9FEDA2}.Release|Any CPU.Build.0 = Release|Any CPU
		{890B4083-DC20-4A65-8B78-8EAC790C9810}.Debug|Any CPU.ActiveCfg = Debug|Any CPU
		{890B4083-DC20-4A65-8B78-8EAC790C9810}.Debug|Any CPU.Build.0 = Debug|Any CPU
		{890B4083-DC20-4A65-8B78-8EAC790C9810}.Release|Any CPU.ActiveCfg = Release|Any CPU
		{890B4083-DC20-4A65-8B78-8EAC790C9810}.Release|Any CPU.Build.0 = Release|Any CPU
		{1F307F74-B54A-4043-9757-FAA237587B55}.Debug|Any CPU.ActiveCfg = Debug|Any CPU
		{1F307F74-B54A-4043-9757-FAA237587B55}.Debug|Any CPU.Build.0 = Debug|Any CPU
		{1F307F74-B54A-4043-9757-FAA237587B55}.Release|Any CPU.ActiveCfg = Release|Any CPU
		{1F307F74-B54A-4043-9757-FAA237587B55}.Release|Any CPU.Build.0 = Release|Any CPU
		{B934097D-E36F-4D03-8CD1-4B97B5CB9E05}.Debug|Any CPU.ActiveCfg = Debug|Any CPU
		{B934097D-E36F-4D03-8CD1-4B97B5CB9E05}.Debug|Any CPU.Build.0 = Debug|Any CPU
		{B934097D-E36F-4D03-8CD1-4B97B5CB9E05}.Release|Any CPU.ActiveCfg = Release|Any CPU
		{B934097D-E36F-4D03-8CD1-4B97B5CB9E05}.Release|Any CPU.Build.0 = Release|Any CPU
		{F277C24D-1A5F-47C8-BC50-032221EC43F1}.Debug|Any CPU.ActiveCfg = Debug|Any CPU
		{F277C24D-1A5F-47C8-BC50-032221EC43F1}.Debug|Any CPU.Build.0 = Debug|Any CPU
		{F277C24D-1A5F-47C8-BC50-032221EC43F1}.Release|Any CPU.ActiveCfg = Release|Any CPU
		{F277C24D-1A5F-47C8-BC50-032221EC43F1}.Release|Any CPU.Build.0 = Release|Any CPU
		{DFAB50FB-9C36-4B69-AF8A-9B44C7C93756}.Debug|Any CPU.ActiveCfg = Debug|Any CPU
		{DFAB50FB-9C36-4B69-AF8A-9B44C7C93756}.Debug|Any CPU.Build.0 = Debug|Any CPU
		{DFAB50FB-9C36-4B69-AF8A-9B44C7C93756}.Release|Any CPU.ActiveCfg = Release|Any CPU
		{DFAB50FB-9C36-4B69-AF8A-9B44C7C93756}.Release|Any CPU.Build.0 = Release|Any CPU
	EndGlobalSection
	GlobalSection(SolutionProperties) = preSolution
		HideSolutionNode = FALSE
	EndGlobalSection
	GlobalSection(NestedProjects) = preSolution
		{C18F6CBC-7526-4D75-9440-AC2DAB954775} = {7B345DB1-9C2D-42E1-8ED3-4650603D61E4}
		{8A63B3F3-6AE1-4939-B709-D52AEF227076} = {7B345DB1-9C2D-42E1-8ED3-4650603D61E4}
		{9E3F6C5B-04D6-4FEF-9F08-C654EDA74B9F} = {7B345DB1-9C2D-42E1-8ED3-4650603D61E4}
		{6E6C025B-5178-480F-B920-031553422328} = {7B345DB1-9C2D-42E1-8ED3-4650603D61E4}
		{E791C605-C957-4AFD-93A1-9710344B422F} = {7B345DB1-9C2D-42E1-8ED3-4650603D61E4}
		{4F0BA933-5DC6-4BC7-95EE-A5164E70948B} = {7C4A7A33-0105-4FFE-9802-2B32930D94C1}
		{D3CA3024-DA9F-457E-8035-40E52404DEDB} = {7C4A7A33-0105-4FFE-9802-2B32930D94C1}
		{5243C006-F0F2-435D-91CC-803DCB9E10FC} = {7C4A7A33-0105-4FFE-9802-2B32930D94C1}
		{39F588C7-7F00-4CB6-B348-30AF3DA17288} = {7C4A7A33-0105-4FFE-9802-2B32930D94C1}
		{ECC4705C-E1B8-44F4-B34A-2146FE1D5E6D} = {7C4A7A33-0105-4FFE-9802-2B32930D94C1}
		{BC46BBAD-9445-4D6C-83A0-7283BD349D5A} = {FE9990F9-B1B1-43FB-BC99-9E1B32E94373}
		{7AE7903A-BB8D-49CD-BFDE-E96A82805A12} = {FE9990F9-B1B1-43FB-BC99-9E1B32E94373}
		{80DD3CA5-6216-4E63-A06E-6219C05DD1F7} = {FE9990F9-B1B1-43FB-BC99-9E1B32E94373}
		{CDDF258B-2AA6-45EE-AFC2-776A5D9FEDA2} = {FE9990F9-B1B1-43FB-BC99-9E1B32E94373}
		{890B4083-DC20-4A65-8B78-8EAC790C9810} = {F9CB8DC1-9A44-4265-8825-B835BDE7C33C}
		{1F307F74-B54A-4043-9757-FAA237587B55} = {F9CB8DC1-9A44-4265-8825-B835BDE7C33C}
		{B934097D-E36F-4D03-8CD1-4B97B5CB9E05} = {F9CB8DC1-9A44-4265-8825-B835BDE7C33C}
		{F277C24D-1A5F-47C8-BC50-032221EC43F1} = {F9CB8DC1-9A44-4265-8825-B835BDE7C33C}
		{DFAB50FB-9C36-4B69-AF8A-9B44C7C93756} = {10CA6D32-1F98-4238-8B8E-7676B1EE24EC}
	EndGlobalSection
	GlobalSection(ExtensibilityGlobals) = postSolution
		SolutionGuid = {B2E9F7E1-548B-443C-9DCF-37257F775C88}
	EndGlobalSection
EndGlobal
